{
    "_meta": {
        "hash": {
            "sha256": "2fa844df30a7dd46ef9934d2c67ed48483d63b230f8bb7fa9ecb14f3753d5833"
        },
        "pipfile-spec": 6,
        "requires": {
            "python_version": "3.7"
        },
        "sources": [
            {
                "name": "pypi",
                "url": "https://pypi.python.org/simple",
                "verify_ssl": true
            }
        ]
    },
    "default": {},
    "develop": {
        "attrs": {
            "hashes": [
                "sha256:08a96c641c3a74e44eb59afb61a24f2cb9f4d7188748e76ba4bb5edfa3cb7d1c",
                "sha256:f7b7ce16570fe9965acd6d30101a28f62fb4a7f9e926b3bbc9b61f8b04247e72"
            ],
            "version": "==19.3.0"
        },
        "hypothesis": {
            "hashes": [
                "sha256:5f9fe7dc5bba2f3df51d626b8488a321cb1b2dc7a6c90be76551f3cb2543bea9",
                "sha256:db06d817dbcb44522c37d3fb08ee3eddee0027f6768f9e193bce77844f8a59cf"
            ],
            "index": "pypi",
            "version": "==5.1.5"
        },
        "sortedcontainers": {
            "hashes": [
                "sha256:974e9a32f56b17c1bac2aebd9dcf197f3eb9cd30553c5852a3187ad162e1a03a",
                "sha256:d9e96492dd51fae31e60837736b38fe42a187b5404c16606ff7ee7cd582d4c60"
            ],
            "version": "==2.1.0"
        }
    }
}
